// !$*UTF8*$!
{
	archiveVersion = 1;
	classes = {
	};
	objectVersion = 46;
	objects = {

/* Begin PBXBuildFile section */
		328AF83B1BF03DC400C02A1D /* main.m in Sources */ = {isa = PBXBuildFile; fileRef = 328AF83A1BF03DC400C02A1D /* main.m */; };
		328AF83E1BF03DC400C02A1D /* AppDelegate.m in Sources */ = {isa = PBXBuildFile; fileRef = 328AF83D1BF03DC400C02A1D /* AppDelegate.m */; };
		328AF8411BF03DC400C02A1D /* ViewController.m in Sources */ = {isa = PBXBuildFile; fileRef = 328AF8401BF03DC400C02A1D /* ViewController.m */; };
		328AF8441BF03DC400C02A1D /* Main.storyboard in Resources */ = {isa = PBXBuildFile; fileRef = 328AF8421BF03DC400C02A1D /* Main.storyboard */; };
		328AF8461BF03DC400C02A1D /* Assets.xcassets in Resources */ = {isa = PBXBuildFile; fileRef = 328AF8451BF03DC400C02A1D /* Assets.xcassets */; };
		328AF8491BF03DC400C02A1D /* LaunchScreen.storyboard in Resources */ = {isa = PBXBuildFile; fileRef = 328AF8471BF03DC400C02A1D /* LaunchScreen.storyboard */; };
		328AF8521BF03DFA00C02A1D /* CTDisplayView.m in Sources */ = {isa = PBXBuildFile; fileRef = 328AF8511BF03DFA00C02A1D /* CTDisplayView.m */; };
		328AF8541BF040AB00C02A1D /* CoreText.framework in Frameworks */ = {isa = PBXBuildFile; fileRef = 328AF8531BF040AB00C02A1D /* CoreText.framework */; };
		328AF8571BF045C500C02A1D /* CTFrameParserConfig.m in Sources */ = {isa = PBXBuildFile; fileRef = 328AF8561BF045C500C02A1D /* CTFrameParserConfig.m */; };
		328AF85A1BF045EB00C02A1D /* UIView+Frame.m in Sources */ = {isa = PBXBuildFile; fileRef = 328AF8591BF045EB00C02A1D /* UIView+Frame.m */; };
		328AF85D1BF04A0C00C02A1D /* CTFrameParser.m in Sources */ = {isa = PBXBuildFile; fileRef = 328AF85C1BF04A0C00C02A1D /* CTFrameParser.m */; };
		328AF8601BF04AEB00C02A1D /* CoreTextData.m in Sources */ = {isa = PBXBuildFile; fileRef = 328AF85F1BF04AEB00C02A1D /* CoreTextData.m */; };
		32CFA5A91F09F08500442AAF /* CoreTextUtil.m in Sources */ = {isa = PBXBuildFile; fileRef = 32CFA5A81F09F08500442AAF /* CoreTextUtil.m */; };
		32CFA5AC1F09F0E000442AAF /* CoreTextLinkData.m in Sources */ = {isa = PBXBuildFile; fileRef = 32CFA5AB1F09F0E000442AAF /* CoreTextLinkData.m */; };
		32CFA5AE1F0A313000442AAF /* template.json in Resources */ = {isa = PBXBuildFile; fileRef = 32CFA5AD1F0A313000442AAF /* template.json */; };
/* End PBXBuildFile section */

/* Begin PBXFileReference section */
		328AF8361BF03DC400C02A1D /* 富文本Demo.app */ = {isa = PBXFileReference; explicitFileType = wrapper.application; includeInIndex = 0; path = "富文本Demo.app"; sourceTree = BUILT_PRODUCTS_DIR; };
		328AF83A1BF03DC400C02A1D /* main.m */ = {isa = PBXFileReference; lastKnownFileType = sourcecode.c.objc; path = main.m; sourceTree = "<group>"; };
		328AF83C1BF03DC400C02A1D /* AppDelegate.h */ = {isa = PBXFileReference; lastKnownFileType = sourcecode.c.h; path = AppDelegate.h; sourceTree = "<group>"; };
		328AF83D1BF03DC400C02A1D /* AppDelegate.m */ = {isa = PBXFileReference; lastKnownFileType = sourcecode.c.objc; path = AppDelegate.m; sourceTree = "<group>"; };
		328AF83F1BF03DC400C02A1D /* ViewController.h */ = {isa = PBXFileReference; lastKnownFileType = sourcecode.c.h; path = ViewController.h; sourceTree = "<group>"; };
		328AF8401BF03DC400C02A1D /* ViewController.m */ = {isa = PBXFileReference; lastKnownFileType = sourcecode.c.objc; path = ViewController.m; sourceTree = "<group>"; };
		328AF8431BF03DC400C02A1D /* Base */ = {isa = PBXFileReference; lastKnownFileType = file.storyboard; name = Base; path = Base.lproj/Main.storyboard; sourceTree = "<group>"; };
		328AF8451BF03DC400C02A1D /* Assets.xcassets */ = {isa = PBXFileReference; lastKnownFileType = folder.assetcatalog; path = Assets.xcassets; sourceTree = "<group>"; };
		328AF8481BF03DC400C02A1D /* Base */ = {isa = PBXFileReference; lastKnownFileType = file.storyboard; name = Base; path = Base.lproj/LaunchScreen.storyboard; sourceTree = "<group>"; };
		328AF84A1BF03DC400C02A1D /* Info.plist */ = {isa = PBXFileReference; lastKnownFileType = text.plist.xml; path = Info.plist; sourceTree = "<group>"; };
		328AF8501BF03DFA00C02A1D /* CTDisplayView.h */ = {isa = PBXFileReference; fileEncoding = 4; lastKnownFileType = sourcecode.c.h; path = CTDisplayView.h; sourceTree = "<group>"; };
		328AF8511BF03DFA00C02A1D /* CTDisplayView.m */ = {isa = PBXFileReference; fileEncoding = 4; lastKnownFileType = sourcecode.c.objc; path = CTDisplayView.m; sourceTree = "<group>"; };
		328AF8531BF040AB00C02A1D /* CoreText.framework */ = {isa = PBXFileReference; lastKnownFileType = wrapper.framework; name = CoreText.framework; path = System/Library/Frameworks/CoreText.framework; sourceTree = SDKROOT; };
		328AF8551BF045C500C02A1D /* CTFrameParserConfig.h */ = {isa = PBXFileReference; fileEncoding = 4; lastKnownFileType = sourcecode.c.h; path = CTFrameParserConfig.h; sourceTree = "<group>"; };
		328AF8561BF045C500C02A1D /* CTFrameParserConfig.m */ = {isa = PBXFileReference; fileEncoding = 4; lastKnownFileType = sourcecode.c.objc; path = CTFrameParserConfig.m; sourceTree = "<group>"; };
		328AF8581BF045EB00C02A1D /* UIView+Frame.h */ = {isa = PBXFileReference; fileEncoding = 4; lastKnownFileType = sourcecode.c.h; path = "UIView+Frame.h"; sourceTree = "<group>"; };
		328AF8591BF045EB00C02A1D /* UIView+Frame.m */ = {isa = PBXFileReference; fileEncoding = 4; lastKnownFileType = sourcecode.c.objc; path = "UIView+Frame.m"; sourceTree = "<group>"; };
		328AF85B1BF04A0C00C02A1D /* CTFrameParser.h */ = {isa = PBXFileReference; fileEncoding = 4; lastKnownFileType = sourcecode.c.h; path = CTFrameParser.h; sourceTree = "<group>"; };
		328AF85C1BF04A0C00C02A1D /* CTFrameParser.m */ = {isa = PBXFileReference; fileEncoding = 4; lastKnownFileType = sourcecode.c.objc; path = CTFrameParser.m; sourceTree = "<group>"; };
		328AF85E1BF04AEB00C02A1D /* CoreTextData.h */ = {isa = PBXFileReference; fileEncoding = 4; lastKnownFileType = sourcecode.c.h; path = CoreTextData.h; sourceTree = "<group>"; };
		328AF85F1BF04AEB00C02A1D /* CoreTextData.m */ = {isa = PBXFileReference; fileEncoding = 4; lastKnownFileType = sourcecode.c.objc; path = CoreTextData.m; sourceTree = "<group>"; };
		32CFA5A71F09F08500442AAF /* CoreTextUtil.h */ = {isa = PBXFileReference; fileEncoding = 4; lastKnownFileType = sourcecode.c.h; path = CoreTextUtil.h; sourceTree = "<group>"; };
		32CFA5A81F09F08500442AAF /* CoreTextUtil.m */ = {isa = PBXFileReference; fileEncoding = 4; lastKnownFileType = sourcecode.c.objc; path = CoreTextUtil.m; sourceTree = "<group>"; };
		32CFA5AA1F09F0E000442AAF /* CoreTextLinkData.h */ = {isa = PBXFileReference; fileEncoding = 4; lastKnownFileType = sourcecode.c.h; path = CoreTextLinkData.h; sourceTree = "<group>"; };
		32CFA5AB1F09F0E000442AAF /* CoreTextLinkData.m */ = {isa = PBXFileReference; fileEncoding = 4; lastKnownFileType = sourcecode.c.objc; path = CoreTextLinkData.m; sourceTree = "<group>"; };
		32CFA5AD1F0A313000442AAF /* template.json */ = {isa = PBXFileReference; fileEncoding = 4; lastKnownFileType = text.json; path = template.json; sourceTree = "<group>"; };
/* End PBXFileReference section */

/* Begin PBXFrameworksBuildPhase section */
		328AF8331BF03DC400C02A1D /* Frameworks */ = {
			isa = PBXFrameworksBuildPhase;
			buildActionMask = 2147483647;
			files = (
				328AF8541BF040AB00C02A1D /* CoreText.framework in Frameworks */,
			);
			runOnlyForDeploymentPostprocessing = 0;
		};
/* End PBXFrameworksBuildPhase section */

/* Begin PBXGroup section */
		328AF82D1BF03DC400C02A1D = {
			isa = PBXGroup;
			children = (
				328AF8531BF040AB00C02A1D /* CoreText.framework */,
				328AF8381BF03DC400C02A1D /* 富文本Demo */,
				328AF8371BF03DC400C02A1D /* Products */,
			);
			sourceTree = "<group>";
		};
		328AF8371BF03DC400C02A1D /* Products */ = {
			isa = PBXGroup;
			children = (
				328AF8361BF03DC400C02A1D /* 富文本Demo.app */,
			);
			name = Products;
			sourceTree = "<group>";
		};
		328AF8381BF03DC400C02A1D /* 富文本Demo */ = {
			isa = PBXGroup;
			children = (
				328AF83C1BF03DC400C02A1D /* AppDelegate.h */,
				328AF83D1BF03DC400C02A1D /* AppDelegate.m */,
				328AF83F1BF03DC400C02A1D /* ViewController.h */,
				328AF8401BF03DC400C02A1D /* ViewController.m */,
				328AF8501BF03DFA00C02A1D /* CTDisplayView.h */,
				328AF8511BF03DFA00C02A1D /* CTDisplayView.m */,
				328AF8421BF03DC400C02A1D /* Main.storyboard */,
				328AF8451BF03DC400C02A1D /* Assets.xcassets */,
				328AF8471BF03DC400C02A1D /* LaunchScreen.storyboard */,
				328AF84A1BF03DC400C02A1D /* Info.plist */,
				328AF8391BF03DC400C02A1D /* Supporting Files */,
				32CFA5A71F09F08500442AAF /* CoreTextUtil.h */,
				32CFA5A81F09F08500442AAF /* CoreTextUtil.m */,
				328AF8551BF045C500C02A1D /* CTFrameParserConfig.h */,
				328AF8561BF045C500C02A1D /* CTFrameParserConfig.m */,
				328AF8581BF045EB00C02A1D /* UIView+Frame.h */,
				328AF8591BF045EB00C02A1D /* UIView+Frame.m */,
				328AF85B1BF04A0C00C02A1D /* CTFrameParser.h */,
				328AF85C1BF04A0C00C02A1D /* CTFrameParser.m */,
				328AF85E1BF04AEB00C02A1D /* CoreTextData.h */,
				328AF85F1BF04AEB00C02A1D /* CoreTextData.m */,
				32CFA5AA1F09F0E000442AAF /* CoreTextLinkData.h */,
				32CFA5AB1F09F0E000442AAF /* CoreTextLinkData.m */,
			);
			path = "富文本Demo";
			sourceTree = "<group>";
		};
		328AF8391BF03DC400C02A1D /* Supporting Files */ = {
			isa = PBXGroup;
			children = (
				328AF83A1BF03DC400C02A1D /* main.m */,
				32CFA5AD1F0A313000442AAF /* template.json */,
			);
			name = "Supporting Files";
			sourceTree = "<group>";
		};
/* End PBXGroup section */

/* Begin PBXNativeTarget section */
		328AF8351BF03DC400C02A1D /* 富文本Demo */ = {
			isa = PBXNativeTarget;
			buildConfigurationList = 328AF84D1BF03DC400C02A1D /* Build configuration list for PBXNativeTarget "富文本Demo" */;
			buildPhases = (
				328AF8321BF03DC400C02A1D /* Sources */,
				328AF8331BF03DC400C02A1D /* Frameworks */,
				328AF8341BF03DC400C02A1D /* Resources */,
			);
			buildRules = (
			);
			dependencies = (
			);
			name = "富文本Demo";
			productName = "富文本Demo";
			productReference = 328AF8361BF03DC400C02A1D /* 富文本Demo.app */;
			productType = "com.apple.product-type.application";
		};
/* End PBXNativeTarget section */

/* Begin PBXProject section */
		328AF82E1BF03DC400C02A1D /* Project object */ = {
			isa = PBXProject;
			attributes = {
				LastUpgradeCheck = 0710;
				ORGANIZATIONNAME = "core's Mac";
				TargetAttributes = {
					328AF8351BF03DC400C02A1D = {
						CreatedOnToolsVersion = 7.1;
						DevelopmentTeam = ZAB4L2B7UQ;
					};
				};
			};
			buildConfigurationList = 328AF8311BF03DC400C02A1D /* Build configuration list for PBXProject "富文本Demo" */;
			compatibilityVersion = "Xcode 3.2";
			developmentRegion = English;
			hasScannedForEncodings = 0;
			knownRegions = (
				en,
				Base,
			);
			mainGroup = 328AF82D1BF03DC400C02A1D;
			productRefGroup = 328AF8371BF03DC400C02A1D /* Products */;
			projectDirPath = "";
			projectRoot = "";
			targets = (
				328AF8351BF03DC400C02A1D /* 富文本Demo */,
			);
		};
/* End PBXProject section */

/* Begin PBXResourcesBuildPhase section */
		328AF8341BF03DC400C02A1D /* Resources */ = {
			isa = PBXResourcesBuildPhase;
			buildActionMask = 2147483647;
			files = (
				328AF8491BF03DC400C02A1D /* LaunchScreen.storyboard in Resources */,
				32CFA5AE1F0A313000442AAF /* template.json in Resources */,
				328AF8461BF03DC400C02A1D /* Assets.xcassets in Resources */,
				328AF8441BF03DC400C02A1D /* Main.storyboard in Resources */,
			);
			runOnlyForDeploymentPostprocessing = 0;
		};
/* End PBXResourcesBuildPhase section */

/* Begin PBXSourcesBuildPhase section */
		328AF8321BF03DC400C02A1D /* Sources */ = {
			isa = PBXSourcesBuildPhase;
			buildActionMask = 2147483647;
			files = (
				328AF85A1BF045EB00C02A1D /* UIView+Frame.m in Sources */,
				328AF8601BF04AEB00C02A1D /* CoreTextData.m in Sources */,
				328AF8411BF03DC400C02A1D /* ViewController.m in Sources */,
				32CFA5AC1F09F0E000442AAF /* CoreTextLinkData.m in Sources */,
				328AF83E1BF03DC400C02A1D /* AppDelegate.m in Sources */,
				328AF8521BF03DFA00C02A1D /* CTDisplayView.m in Sources */,
				32CFA5A91F09F08500442AAF /* CoreTextUtil.m in Sources */,
				328AF8571BF045C500C02A1D /* CTFrameParserConfig.m in Sources */,
				328AF85D1BF04A0C00C02A1D /* CTFrameParser.m in Sources */,
				328AF83B1BF03DC400C02A1D /* main.m in Sources */,
			);
			runOnlyForDeploymentPostprocessing = 0;
		};
/* End PBXSourcesBuildPhase section */

/* Begin PBXVariantGroup section */
		328AF8421BF03DC400C02A1D /* Main.storyboard */ = {
			isa = PBXVariantGroup;
			children = (
				328AF8431BF03DC400C02A1D /* Base */,
			);
			name = Main.storyboard;
			sourceTree = "<group>";
		};
		328AF8471BF03DC400C02A1D /* LaunchScreen.storyboard */ = {
			isa = PBXVariantGroup;
			children = (
				328AF8481BF03DC400C02A1D /* Base */,
			);
			name = LaunchScreen.storyboard;
			sourceTree = "<group>";
		};
/* End PBXVariantGroup section */

/* Begin XCBuildConfiguration section */
		328AF84B1BF03DC400C02A1D /* Debug */ = {
			isa = XCBuildConfiguration;
			buildSettings = {
				ALWAYS_SEARCH_USER_PATHS = NO;
				CLANG_CXX_LANGUAGE_STANDARD = "gnu++0x";
				CLANG_CXX_LIBRARY = "libc++";
				CLANG_ENABLE_MODULES = YES;
				CLANG_ENABLE_OBJC_ARC = YES;
				CLANG_WARN_BOOL_CONVERSION = YES;
				CLANG_WARN_CONSTANT_CONVERSION = YES;
				CLANG_WARN_DIRECT_OBJC_ISA_USAGE = YES_ERROR;
				CLANG_WARN_EMPTY_BODY = YES;
				CLANG_WARN_ENUM_CONVERSION = YES;
				CLANG_WARN_INT_CONVERSION = YES;
				CLANG_WARN_OBJC_ROOT_CLASS = YES_ERROR;
				CLANG_WARN_UNREACHABLE_CODE = YES;
				CLANG_WARN__DUPLICATE_METHOD_MATCH = YES;
				"CODE_SIGN_IDENTITY[sdk=iphoneos*]" = "iPhone Developer";
				COPY_PHASE_STRIP = NO;
				DEBUG_INFORMATION_FORMAT = dwarf;
				ENABLE_STRICT_OBJC_MSGSEND = YES;
				ENABLE_TESTABILITY = YES;
				GCC_C_LANGUAGE_STANDARD = gnu99;
				GCC_DYNAMIC_NO_PIC = NO;
				GCC_NO_COMMON_BLOCKS = YES;
				GCC_OPTIMIZATION_LEVEL = 0;
				GCC_PREPROCESSOR_DEFINITIONS = (
					"DEBUG=1",
					"$(inherited)",
				);
				GCC_WARN_64_TO_32_BIT_CONVERSION = YES;
				GCC_WARN_ABOUT_RETURN_TYPE = YES_ERROR;
				GCC_WARN_UNDECLARED_SELECTOR = YES;
				GCC_WARN_UNINITIALIZED_AUTOS = YES_AGGRESSIVE;
				GCC_WARN_UNUSED_FUNCTION = YES;
				GCC_WARN_UNUSED_VARIABLE = YES;
				IPHONEOS_DEPLOYMENT_TARGET = 9.1;
				MTL_ENABLE_DEBUG_INFO = YES;
				ONLY_ACTIVE_ARCH = YES;
				SDKROOT = iphoneos;
				TARGETED_DEVICE_FAMILY = "1,2";
			};
			name = Debug;
		};
		328AF84C1BF03DC400C02A1D /* Release */ = {
			isa = XCBuildConfiguration;
			buildSettings = {
				ALWAYS_SEARCH_USER_PATHS = NO;
				CLANG_CXX_LANGUAGE_STANDARD = "gnu++0x";
				CLANG_CXX_LIBRARY = "libc++";
				CLANG_ENABLE_MODULES = YES;
				CLANG_ENABLE_OBJC_ARC = YES;
				CLANG_WARN_BOOL_CONVERSION = YES;
				CLANG_WARN_CONSTANT_CONVERSION = YES;
				CLANG_WARN_DIRECT_OBJC_ISA_USAGE = YES_ERROR;
				CLANG_WARN_EMPTY_BODY = YES;
				CLANG_WARN_ENUM_CONVERSION = YES;
				CLANG_WARN_INT_CONVERSION = YES;
				CLANG_WARN_OBJC_ROOT_CLASS = YES_ERROR;
				CLANG_WARN_UNREACHABLE_CODE = YES;
				CLANG_WARN__DUPLICATE_METHOD_MATCH = YES;
				"CODE_SIGN_IDENTITY[sdk=iphoneos*]" = "iPhone Developer";
				COPY_PHASE_STRIP = NO;
				DEBUG_INFORMATION_FORMAT = "dwarf-with-dsym";
				ENABLE_NS_ASSERTIONS = NO;
				ENABLE_STRICT_OBJC_MSGSEND = YES;
				GCC_C_LANGUAGE_STANDARD = gnu99;
				GCC_NO_COMMON_BLOCKS = YES;
				GCC_WARN_64_TO_32_BIT_CONVERSION = YES;
				GCC_WARN_ABOUT_RETURN_TYPE = YES_ERROR;
				GCC_WARN_UNDECLARED_SELECTOR = YES;
				GCC_WARN_UNINITIALIZED_AUTOS = YES_AGGRESSIVE;
				GCC_WARN_UNUSED_FUNCTION = YES;
				GCC_WARN_UNUSED_VARIABLE = YES;
				IPHONEOS_DEPLOYMENT_TARGET = 9.1;
				MTL_ENABLE_DEBUG_INFO = NO;
				SDKROOT = iphoneos;
				TARGETED_DEVICE_FAMILY = "1,2";
				VALIDATE_PRODUCT = YES;
			};
			name = Release;
		};
		328AF84E1BF03DC400C02A1D /* Debug */ = {
			isa = XCBuildConfiguration;
			buildSettings = {
				ASSETCATALOG_COMPILER_APPICON_NAME = AppIcon;
				DEVELOPMENT_TEAM = ZAB4L2B7UQ;
				INFOPLIST_FILE = "富文本Demo/Info.plist";
				LD_RUNPATH_SEARCH_PATHS = "$(inherited) @executable_path/Frameworks";
				PRODUCT_BUNDLE_IDENTIFIER = "com.mycompany.dev.---Demo";
				PRODUCT_NAME = "$(TARGET_NAME)";
			};
			name = Debug;
		};
		328AF84F1BF03DC400C02A1D /* Release */ = {
			isa = XCBuildConfiguration;
			buildSettings = {
				ASSETCATALOG_COMPILER_APPICON_NAME = AppIcon;
				DEVELOPMENT_TEAM = ZAB4L2B7UQ;
				INFOPLIST_FILE = "富文本Demo/Info.plist";
				LD_RUNPATH_SEARCH_PATHS = "$(inherited) @executable_path/Frameworks";
				PRODUCT_BUNDLE_IDENTIFIER = "com.mycompany.dev.---Demo";
				PRODUCT_NAME = "$(TARGET_NAME)";
			};
			name = Release;
		};
/* End XCBuildConfiguration section */

/* Begin XCConfigurationList section */
		328AF8311BF03DC400C02A1D /* Build configuration list for PBXProject "富文本Demo" */ = {
			isa = XCConfigurationList;
			buildConfigurations = (
				328AF84B1BF03DC400C02A1D /* Debug */,
				328AF84C1BF03DC400C02A1D /* Release */,
			);
			defaultConfigurationIsVisible = 0;
			defaultConfigurationName = Release;
		};
		328AF84D1BF03DC400C02A1D /* Build configuration list for PBXNativeTarget "富文本Demo" */ = {
			isa = XCConfigurationList;
			buildConfigurations = (
				328AF84E1BF03DC400C02A1D /* Debug */,
				328AF84F1BF03DC400C02A1D /* Release */,
			);
			defaultConfigurationIsVisible = 0;
			defaultConfigurationName = Release;
		};
/* End XCConfigurationList section */
	};
	rootObject = 328AF82E1BF03DC400C02A1D /* Project object */;
}
